
Microsoft Visual Studio Solution File, Format Version 12.00
# Visual Studio 14
VisualStudioVersion = 14.0.25420.1
MinimumVisualStudioVersion = 10.0.40219.1
Project("{FAE04EC0-301F-11D3-BF4B-00C04F79EFBC}") = "04. Formatting Numbers", "04. Formatting Numbers\04. Formatting Numbers.csproj", "{2149847A-5CF4-47F9-B5C9-92F118FF7D73}"
EndProject
Project("{FAE04EC0-301F-11D3-BF4B-00C04F79EFBC}") = "03. Circle", "03. Circle\03. Circle.csproj", "{24D6DE7B-E337-428C-A662-6ABE83AB8D06}"
EndProject
Project("{FAE04EC0-301F-11D3-BF4B-00C04F79EFBC}") = "02. Company Info", "02. Company Info\02. Company Info.csproj", "{580FC34B-FC4B-4D64-B201-19227CD7441B}"
EndProject
Project("{FAE04EC0-301F-11D3-BF4B-00C04F79EFBC}") = "01. Sum of 3 numbers", "01. Sum of 3 numbers\01. Sum of 3 numbers.csproj", "{D4908188-D201-48A7-9329-4516C1CE6545}"
EndProject
Project("{FAE04EC0-301F-11D3-BF4B-00C04F79EFBC}") = "05. Numbers Comparer", "05. Numbers Comparer\05. Numbers Comparer.csproj", "{4859D530-C8B9-4A52-972B-322EDDC376DB}"
EndProject
Project("{FAE04EC0-301F-11D3-BF4B-00C04F79EFBC}") = "06. Quadratic Equation", "06. Quadratic Equation\06. Quadratic Equation.csproj", "{4A9C579B-C650-4AC1-A8DD-7C9CE5BE03CC}"
EndProject
Project("{FAE04EC0-301F-11D3-BF4B-00C04F79EFBC}") = "07. Sum of 5 Numbers", "07. Sum of 5 Numbers\07. Sum of 5 Numbers.csproj", "{AAB0E5D4-9F55-490D-A2DE-9BB080125B99}"
EndProject
Project("{FAE04EC0-301F-11D3-BF4B-00C04F79EFBC}") = "08. Numbers from 1 to N", "08. Numbers from 1 to N\08. Numbers from 1 to N.csproj", "{CEE78D77-C733-4B73-883D-F38107FD0DCD}"
EndProject
Project("{FAE04EC0-301F-11D3-BF4B-00C04F79EFBC}") = "09. Sum of N Numbers", "09. Sum of N Numbers\09. Sum of N Numbers.csproj", "{A645D82B-EEDE-42FF-8D37-6615E9212013}"
EndProject
Project("{FAE04EC0-301F-11D3-BF4B-00C04F79EFBC}") = "10. Fibonacci Numbers", "10. Fibonacci Numbers\10. Fibonacci Numbers.csproj", "{634F5BE9-506E-4FF2-878F-0AFD15AC575D}"
EndProject
Project("{FAE04EC0-301F-11D3-BF4B-00C04F79EFBC}") = "11. Interval", "11. Interval\11. Interval.csproj", "{08E4E811-0EB6-426A-BC22-C64B157992E1}"
EndProject
Global
	GlobalSection(SolutionConfigurationPlatforms) = preSolution
		Debug|Any CPU = Debug|Any CPU
		Release|Any CPU = Release|Any CPU
	EndGlobalSection
	GlobalSection(ProjectConfigurationPlatforms) = postSolution
		{2149847A-5CF4-47F9-B5C9-92F118FF7D73}.Debug|Any CPU.ActiveCfg = Debug|Any CPU
		{2149847A-5CF4-47F9-B5C9-92F118FF7D73}.Debug|Any CPU.Build.0 = Debug|Any CPU
		{2149847A-5CF4-47F9-B5C9-92F118FF7D73}.Release|Any CPU.ActiveCfg = Release|Any CPU
		{2149847A-5CF4-47F9-B5C9-92F118FF7D73}.Release|Any CPU.Build.0 = Release|Any CPU
		{24D6DE7B-E337-428C-A662-6ABE83AB8D06}.Debug|Any CPU.ActiveCfg = Debug|Any CPU
		{24D6DE7B-E337-428C-A662-6ABE83AB8D06}.Debug|Any CPU.Build.0 = Debug|Any CPU
		{24D6DE7B-E337-428C-A662-6ABE83AB8D06}.Release|Any CPU.ActiveCfg = Release|Any CPU
		{24D6DE7B-E337-428C-A662-6ABE83AB8D06}.Release|Any CPU.Build.0 = Release|Any CPU
		{580FC34B-FC4B-4D64-B201-19227CD7441B}.Debug|Any CPU.ActiveCfg = Debug|Any CPU
		{580FC34B-FC4B-4D64-B201-19227CD7441B}.Debug|Any CPU.Build.0 = Debug|Any CPU
		{580FC34B-FC4B-4D64-B201-19227CD7441B}.Release|Any CPU.ActiveCfg = Release|Any CPU
		{580FC34B-FC4B-4D64-B201-19227CD7441B}.Release|Any CPU.Build.0 = Release|Any CPU
		{D4908188-D201-48A7-9329-4516C1CE6545}.Debug|Any CPU.ActiveCfg = Debug|Any CPU
		{D4908188-D201-48A7-9329-4516C1CE6545}.Debug|Any CPU.Build.0 = Debug|Any CPU
		{D4908188-D201-48A7-9329-4516C1CE6545}.Release|Any CPU.ActiveCfg = Release|Any CPU
		{D4908188-D201-48A7-9329-4516C1CE6545}.Release|Any CPU.Build.0 = Release|Any CPU
		{4859D530-C8B9-4A52-972B-322EDDC376DB}.Debug|Any CPU.ActiveCfg = Debug|Any CPU
		{4859D530-C8B9-4A52-972B-322EDDC376DB}.Debug|Any CPU.Build.0 = Debug|Any CPU
		{4859D530-C8B9-4A52-972B-322EDDC376DB}.Release|Any CPU.ActiveCfg = Release|Any CPU
		{4859D530-C8B9-4A52-972B-322EDDC376DB}.Release|Any CPU.Build.0 = Release|Any CPU
		{4A9C579B-C650-4AC1-A8DD-7C9CE5BE03CC}.Debug|Any CPU.ActiveCfg = Debug|Any CPU
		{4A9C579B-C650-4AC1-A8DD-7C9CE5BE03CC}.Debug|Any CPU.Build.0 = Debug|Any CPU
		{4A9C579B-C650-4AC1-A8DD-7C9CE5BE03CC}.Release|Any CPU.ActiveCfg = Release|Any CPU
		{4A9C579B-C650-4AC1-A8DD-7C9CE5BE03CC}.Release|Any CPU.Build.0 = Release|Any CPU
		{AAB0E5D4-9F55-490D-A2DE-9BB080125B99}.Debug|Any CPU.ActiveCfg = Debug|Any CPU
		{AAB0E5D4-9F55-490D-A2DE-9BB080125B99}.Debug|Any CPU.Build.0 = Debug|Any CPU
		{AAB0E5D4-9F55-490D-A2DE-9BB080125B99}.Release|Any CPU.ActiveCfg = Release|Any CPU
		{AAB0E5D4-9F55-490D-A2DE-9BB080125B99}.Release|Any CPU.Build.0 = Release|Any CPU
		{CEE78D77-C733-4B73-883D-F38107FD0DCD}.Debug|Any CPU.ActiveCfg = Debug|Any CPU
		{CEE78D77-C733-4B73-883D-F38107FD0DCD}.Debug|Any CPU.Build.0 = Debug|Any CPU
		{CEE78D77-C733-4B73-883D-F38107FD0DCD}.Release|Any CPU.ActiveCfg = Release|Any CPU
		{CEE78D77-C733-4B73-883D-F38107FD0DCD}.Release|Any CPU.Build.0 = Release|Any CPU
		{A645D82B-EEDE-42FF-8D37-6615E9212013}.Debug|Any CPU.ActiveCfg = Debug|Any CPU
		{A645D82B-EEDE-42FF-8D37-6615E9212013}.Debug|Any CPU.Build.0 = Debug|Any CPU
		{A645D82B-EEDE-42FF-8D37-6615E9212013}.Release|Any CPU.ActiveCfg = Release|Any CPU
		{A645D82B-EEDE-42FF-8D37-6615E9212013}.Release|Any CPU.Build.0 = Release|Any CPU
		{634F5BE9-506E-4FF2-878F-0AFD15AC575D}.Debug|Any CPU.ActiveCfg = Debug|Any CPU
		{634F5BE9-506E-4FF2-878F-0AFD15AC575D}.Debug|Any CPU.Build.0 = Debug|Any CPU
		{634F5BE9-506E-4FF2-878F-0AFD15AC575D}.Release|Any CPU.ActiveCfg = Release|Any CPU
		{634F5BE9-506E-4FF2-878F-0AFD15AC575D}.Release|Any CPU.Build.0 = Release|Any CPU
		{08E4E811-0EB6-426A-BC22-C64B157992E1}.Debug|Any CPU.ActiveCfg = Debug|Any CPU
		{08E4E811-0EB6-426A-BC22-C64B157992E1}.Debug|Any CPU.Build.0 = Debug|Any CPU
		{08E4E811-0EB6-426A-BC22-C64B157992E1}.Release|Any CPU.ActiveCfg = Release|Any CPU
		{08E4E811-0EB6-426A-BC22-C64B157992E1}.Release|Any CPU.Build.0 = Release|Any CPU
	EndGlobalSection
	GlobalSection(SolutionProperties) = preSolution
		HideSolutionNode = FALSE
	EndGlobalSection
EndGlobal
