
Microsoft Visual Studio Solution File, Format Version 12.00
# Visual Studio 14
VisualStudioVersion = 14.0.25420.1
MinimumVisualStudioVersion = 10.0.40219.1
Project("{FAE04EC0-301F-11D3-BF4B-00C04F79EFBC}") = "01. Shapes", "01. Shapes\01. Shapes.csproj", "{0907674C-4134-49BA-B11D-2296148F4722}"
EndProject
Project("{FAE04EC0-301F-11D3-BF4B-00C04F79EFBC}") = "02. Bank accounts", "02. Bank accounts\02. Bank accounts.csproj", "{1F3B3E05-AC8D-471A-B533-20AE4149CE1F}"
EndProject
Project("{FAE04EC0-301F-11D3-BF4B-00C04F79EFBC}") = "03. Range Exceptions", "03. Range Exceptions\03. Range Exceptions.csproj", "{4A53C32E-E909-4064-9323-ADC77D644A13}"
EndProject
Global
	GlobalSection(SolutionConfigurationPlatforms) = preSolution
		Debug|Any CPU = Debug|Any CPU
		Release|Any CPU = Release|Any CPU
	EndGlobalSection
	GlobalSection(ProjectConfigurationPlatforms) = postSolution
		{0907674C-4134-49BA-B11D-2296148F4722}.Debug|Any CPU.ActiveCfg = Debug|Any CPU
		{0907674C-4134-49BA-B11D-2296148F4722}.Debug|Any CPU.Build.0 = Debug|Any CPU
		{0907674C-4134-49BA-B11D-2296148F4722}.Release|Any CPU.ActiveCfg = Release|Any CPU
		{0907674C-4134-49BA-B11D-2296148F4722}.Release|Any CPU.Build.0 = Release|Any CPU
		{1F3B3E05-AC8D-471A-B533-20AE4149CE1F}.Debug|Any CPU.ActiveCfg = Debug|Any CPU
		{1F3B3E05-AC8D-471A-B533-20AE4149CE1F}.Debug|Any CPU.Build.0 = Debug|Any CPU
		{1F3B3E05-AC8D-471A-B533-20AE4149CE1F}.Release|Any CPU.ActiveCfg = Release|Any CPU
		{1F3B3E05-AC8D-471A-B533-20AE4149CE1F}.Release|Any CPU.Build.0 = Release|Any CPU
		{4A53C32E-E909-4064-9323-ADC77D644A13}.Debug|Any CPU.ActiveCfg = Debug|Any CPU
		{4A53C32E-E909-4064-9323-ADC77D644A13}.Debug|Any CPU.Build.0 = Debug|Any CPU
		{4A53C32E-E909-4064-9323-ADC77D644A13}.Release|Any CPU.ActiveCfg = Release|Any CPU
		{4A53C32E-E909-4064-9323-ADC77D644A13}.Release|Any CPU.Build.0 = Release|Any CPU
	EndGlobalSection
	GlobalSection(SolutionProperties) = preSolution
		HideSolutionNode = FALSE
	EndGlobalSection
EndGlobal
