
Microsoft Visual Studio Solution File, Format Version 12.00
# Visual Studio 14
VisualStudioVersion = 14.0.25420.1
MinimumVisualStudioVersion = 10.0.40219.1
Project("{FAE04EC0-301F-11D3-BF4B-00C04F79EFBC}") = "01. Birds and Feathers", "01. Birds and Feathers\01. Birds and Feathers.csproj", "{B49129FF-8EF6-4F54-AFAD-093D5612B832}"
EndProject
Project("{FAE04EC0-301F-11D3-BF4B-00C04F79EFBC}") = "02. Busses", "02. Busses\02. Busses.csproj", "{88C215AD-A0A7-476E-A806-102F078EED78}"
EndProject
Project("{FAE04EC0-301F-11D3-BF4B-00C04F79EFBC}") = "03. Number of Pages", "03. Number of Pages\03. Number of Pages.csproj", "{1F41F35E-6024-4867-B2DE-0D4F60625581}"
EndProject
Project("{FAE04EC0-301F-11D3-BF4B-00C04F79EFBC}") = "05. Bobi Avokadoto", "05. Bobi Avokadoto\05. Bobi Avokadoto.csproj", "{2219E09A-21CA-4EC8-A8BA-328F9C8FBA30}"
EndProject
Global
	GlobalSection(SolutionConfigurationPlatforms) = preSolution
		Debug|Any CPU = Debug|Any CPU
		Release|Any CPU = Release|Any CPU
	EndGlobalSection
	GlobalSection(ProjectConfigurationPlatforms) = postSolution
		{B49129FF-8EF6-4F54-AFAD-093D5612B832}.Debug|Any CPU.ActiveCfg = Debug|Any CPU
		{B49129FF-8EF6-4F54-AFAD-093D5612B832}.Debug|Any CPU.Build.0 = Debug|Any CPU
		{B49129FF-8EF6-4F54-AFAD-093D5612B832}.Release|Any CPU.ActiveCfg = Release|Any CPU
		{B49129FF-8EF6-4F54-AFAD-093D5612B832}.Release|Any CPU.Build.0 = Release|Any CPU
		{88C215AD-A0A7-476E-A806-102F078EED78}.Debug|Any CPU.ActiveCfg = Debug|Any CPU
		{88C215AD-A0A7-476E-A806-102F078EED78}.Debug|Any CPU.Build.0 = Debug|Any CPU
		{88C215AD-A0A7-476E-A806-102F078EED78}.Release|Any CPU.ActiveCfg = Release|Any CPU
		{88C215AD-A0A7-476E-A806-102F078EED78}.Release|Any CPU.Build.0 = Release|Any CPU
		{1F41F35E-6024-4867-B2DE-0D4F60625581}.Debug|Any CPU.ActiveCfg = Debug|Any CPU
		{1F41F35E-6024-4867-B2DE-0D4F60625581}.Debug|Any CPU.Build.0 = Debug|Any CPU
		{1F41F35E-6024-4867-B2DE-0D4F60625581}.Release|Any CPU.ActiveCfg = Release|Any CPU
		{1F41F35E-6024-4867-B2DE-0D4F60625581}.Release|Any CPU.Build.0 = Release|Any CPU
		{2219E09A-21CA-4EC8-A8BA-328F9C8FBA30}.Debug|Any CPU.ActiveCfg = Debug|Any CPU
		{2219E09A-21CA-4EC8-A8BA-328F9C8FBA30}.Debug|Any CPU.Build.0 = Debug|Any CPU
		{2219E09A-21CA-4EC8-A8BA-328F9C8FBA30}.Release|Any CPU.ActiveCfg = Release|Any CPU
		{2219E09A-21CA-4EC8-A8BA-328F9C8FBA30}.Release|Any CPU.Build.0 = Release|Any CPU
	EndGlobalSection
	GlobalSection(SolutionProperties) = preSolution
		HideSolutionNode = FALSE
	EndGlobalSection
EndGlobal
